
Microsoft Visual Studio Solution File, Format Version 12.00
# Visual Studio Version 17
VisualStudioVersion = 17.13.35931.197 d17.13
MinimumVisualStudioVersion = 10.0.40219.1
Project("{FAE04EC0-301F-11D3-BF4B-00C04F79EFBC}") = "ConsoleApp3", "ConsoleApp3\ConsoleApp3.csproj", "{B863D084-9ACF-412A-AE77-73B33F0CCDDA}"
EndProject
Global
	GlobalSection(SolutionConfigurationPlatforms) = preSolution
		Debug|Any CPU = Debug|Any CPU
		Release|Any CPU = Release|Any CPU
	EndGlobalSection
	GlobalSection(ProjectConfigurationPlatforms) = postSolution
		{B863D084-9ACF-412A-AE77-73B33F0CCDDA}.Debug|Any CPU.ActiveCfg = Debug|Any CPU
		{B863D084-9ACF-412A-AE77-73B33F0CCDDA}.Debug|Any CPU.Build.0 = Debug|Any CPU
		{B863D084-9ACF-412A-AE77-73B33F0CCDDA}.Release|Any CPU.ActiveCfg = Release|Any CPU
		{B863D084-9ACF-412A-AE77-73B33F0CCDDA}.Release|Any CPU.Build.0 = Release|Any CPU
	EndGlobalSection
	GlobalSection(SolutionProperties) = preSolution
		HideSolutionNode = FALSE
	EndGlobalSection
	GlobalSection(ExtensibilityGlobals) = postSolution
		SolutionGuid = {E6CD04A4-A385-4E68-819D-351B6D09F1A4}
	EndGlobalSection
EndGlobal
